
Microsoft Visual Studio Solution File, Format Version 12.00
# Visual Studio Version 16
VisualStudioVersion = 16.0.31702.278
MinimumVisualStudioVersion = 10.0.40219.1
Project("{FAE04EC0-301F-11D3-BF4B-00C04F79EFBC}") = "CIRCUS_CRX", "CIRCUS_CRX.csproj", "{C621E230-7BF4-4DB8-A975-CC08A3EB15CE}"
EndProject
Global
	GlobalSection(SolutionConfigurationPlatforms) = preSolution
		Debug|Any CPU = Debug|Any CPU
		Release|Any CPU = Release|Any CPU
	EndGlobalSection
	GlobalSection(ProjectConfigurationPlatforms) = postSolution
		{C621E230-7BF4-4DB8-A975-CC08A3EB15CE}.Debug|Any CPU.ActiveCfg = Debug|Any CPU
		{C621E230-7BF4-4DB8-A975-CC08A3EB15CE}.Debug|Any CPU.Build.0 = Debug|Any CPU
		{C621E230-7BF4-4DB8-A975-CC08A3EB15CE}.Release|Any CPU.ActiveCfg = Release|Any CPU
		{C621E230-7BF4-4DB8-A975-CC08A3EB15CE}.Release|Any CPU.Build.0 = Release|Any CPU
	EndGlobalSection
	GlobalSection(SolutionProperties) = preSolution
		HideSolutionNode = FALSE
	EndGlobalSection
	GlobalSection(ExtensibilityGlobals) = postSolution
		SolutionGuid = {5CF54C58-8F96-4640-9F96-BEF167C8CB89}
	EndGlobalSection
EndGlobal
